<?xml version="1.0" encoding="utf-8"?>
<Project ToolsVersion="4.0" xmlns="http://schemas.microsoft.com/developer/msbuild/2003">
  <ItemGroup>
    <Filter Include="Header Files">
      <UniqueIdentifier>{288e16b2-5c74-4adb-b870-71eb6fc3c160}</UniqueIdentifier>
    </Filter>
    <Filter Include="Source Files">
      <UniqueIdentifier>{cea8455c-34b5-4dd7-ad6a-d7a51790352e}</UniqueIdentifier>
    </Filter>
    <Filter Include="Resource Files">
      <UniqueIdentifier>{224ae58d-d502-4218-8a5f-ed3b5b0a9742}</UniqueIdentifier>
    </Filter>
  </ItemGroup>
  <ItemGroup>
    <ClCompile Include="Sources\Action.cpp">
      <Filter>Source Files</Filter>
    </ClCompile>
    <ClCompile Include="Sources\Army.cpp">
      <Filter>Source Files</Filter>
    </ClCompile>
    <ClCompile Include="Sources\IABattle_Round_2.cpp">
      <Filter>Source Files</Filter>
    </ClCompile>
    <ClCompile Include="Sources\Unit.cpp">
      <Filter>Source Files</Filter>
    </ClCompile>
    <ClCompile Include="Sources\UnitAI.cpp">
      <Filter>Source Files</Filter>
    </ClCompile>
    <ClCompile Include="Sources\Utils\Point.cpp">
      <Filter>Source Files</Filter>
    </ClCompile>
    <ClCompile Include="Sources\Capacities\ArmorCapacity.cpp">
      <Filter>Source Files</Filter>
    </ClCompile>
    <ClCompile Include="Sources\Capacities\Capacity.cpp">
      <Filter>Source Files</Filter>
    </ClCompile>
    <ClCompile Include="Sources\Capacities\HealthCapacity.cpp">
      <Filter>Source Files</Filter>
    </ClCompile>
    <ClCompile Include="Sources\Capacities\RegenCapacity.cpp">
      <Filter>Source Files</Filter>
    </ClCompile>
    <ClCompile Include="Sources\Capacities\SpeedCapacity.cpp">
      <Filter>Source Files</Filter>
    </ClCompile>
    <ClCompile Include="Sources\Capacities\WeaponDamageCapacity.cpp">
      <Filter>Source Files</Filter>
    </ClCompile>
    <ClCompile Include="Sources\Capacities\WeaponRangeCapacity.cpp">
      <Filter>Source Files</Filter>
    </ClCompile>
    <ClCompile Include="Sources\Capacities\WeaponSpeedCapacity.cpp">
      <Filter>Source Files</Filter>
    </ClCompile>
  </ItemGroup>
  <ItemGroup>
    <ClInclude Include="Sources\Action.h">
      <Filter>Header Files</Filter>
    </ClInclude>
    <ClInclude Include="Sources\Capacities\ArmorCapacity.h">
      <Filter>Header Files</Filter>
    </ClInclude>
    <ClInclude Include="Sources\Army.h">
      <Filter>Header Files</Filter>
    </ClInclude>
    <ClInclude Include="Sources\Capacities\Capacity.h">
      <Filter>Header Files</Filter>
    </ClInclude>
    <ClInclude Include="Sources\Capacities\HealthCapacity.h">
      <Filter>Header Files</Filter>
    </ClInclude>
    <ClInclude Include="Sources\Capacities\RegenCapacity.h">
      <Filter>Header Files</Filter>
    </ClInclude>
    <ClInclude Include="Sources\Capacities\SpeedCapacity.h">
      <Filter>Header Files</Filter>
    </ClInclude>
    <ClInclude Include="Sources\Unit.h">
      <Filter>Header Files</Filter>
    </ClInclude>
    <ClInclude Include="Sources\UnitAI.h">
      <Filter>Header Files</Filter>
    </ClInclude>
    <ClInclude Include="Sources\Capacities\WeaponDamageCapacity.h">
      <Filter>Header Files</Filter>
    </ClInclude>
    <ClInclude Include="Sources\Capacities\WeaponSpeedCapacity.h">
      <Filter>Header Files</Filter>
    </ClInclude>
    <ClInclude Include="Sources\Capacities\WeaponRangeCapacity.h">
      <Filter>Header Files</Filter>
    </ClInclude>
    <ClInclude Include="Sources\Utils\Point.h">
      <Filter>Header Files</Filter>
    </ClInclude>
  </ItemGroup>
</Project>